lockfileVersion: '9.0'

settings:
  autoInstallPeers: true
  excludeLinksFromLockfile: false

importers:

  .:
    devDependencies:
      '@deepseek-ai/cordis':
        specifier: ^4.0.0
        version: 4.0.3
      '@deepseek-ai/dsh-web':
        specifier: ^0.0.1-rc.1
        version: 0.0.1-rc.1(@deepseek-ai/cordis@4.0.3)(@deepseek-ai/dsh-invariants@0.0.1-rc.1(@deepseek-ai/cordis@4.0.3))(@deepseek-ai/dsh-llm@0.0.1-rc.1(@deepseek-ai/cordis@4.0.3)(@deepseek-ai/dsh-attachment@0.0.1-rc.1(@deepseek-ai/cordis@4.0.3)(@deepseek-ai/dsh-brand@0.0.1-rc.1(@deepseek-ai/cordis@4.0.3)(@deepseek-ai/dsh-invariants@0.0.1-rc.1(@deepseek-ai/cordis@4.0.3)))(@deepseek-ai/dsh-invariants@0.0.1-rc.1(@deepseek-ai/cordis@4.0.3)))(@deepseek-ai/dsh-brand@0.0.1-rc.1(@deepseek-ai/cordis@4.0.3)(@deepseek-ai/dsh-invariants@0.0.1-rc.1(@deepseek-ai/cordis@4.0.3)))(@deepseek-ai/dsh-invariants@0.0.1-rc.1(@deepseek-ai/cordis@4.0.3))(@deepseek-ai/dsh-timeout@0.0.1-rc.1(@deepseek-ai/cordis@4.0.3)(@deepseek-ai/dsh-invariants@0.0.1-rc.1(@deepseek-ai/cordis@4.0.3))))
      '@types/node':
        specifier: ^24.0.0
        version: 24.13.6
      typescript:
        specifier: ^5.9.0
        version: 5.9.3

packages:

  '@deepseek-ai/cordis@4.0.3':
    resolution: {integrity: sha512-ka+8UVh1JDTqkrEcgkfGwquM3lsBmLDsJMNAQUgumY65tI7IIrLFSERcNfde5kF1rtSSktOJmsC9WmJLt4rd8A==}
    hasBin: true
    peerDependencies:
      '@deepseek-ai/cordis-plugin-include': ^1.0.8
      '@deepseek-ai/cordis-plugin-loader': ^1.0.4
    peerDependenciesMeta:
      '@deepseek-ai/cordis-plugin-include':
        optional: true
      '@deepseek-ai/cordis-plugin-loader':
        optional: true

  '@deepseek-ai/cosmokit@1.8.4':
    resolution: {integrity: sha512-zOX7hFKtUQNY6GlZi1OCGY+bp6swWDf8aFNbCSAonVKEpEb5Tc2m3moUtNZscT7ksflIcVn+qgqYZo9QKUF+fQ==}

  '@deepseek-ai/dsh-attachment@0.0.1-rc.1':
    resolution: {integrity: sha512-zBBw6h+YKOf7U8uEZezbFUjLsA8VU1GfCIUonAZHG2hWDWhWbrGaoO9fL8KyncEDSWMLMoIoGo+ZxDEPVJZYOA==}
    peerDependencies:
      '@deepseek-ai/cordis': ^4.0.1-rc.1
      '@deepseek-ai/dsh-brand': ^0.0.1-rc.1
      '@deepseek-ai/dsh-invariants': ^0.0.1-rc.1

  '@deepseek-ai/dsh-brand@0.0.1-rc.1':
    resolution: {integrity: sha512-XhwNAugG/baCVA+BMMvjihYi9XMLcDUew3G63i+ATWIZCvpx8CghbgcV93DEeMH2sqhNuQAssmHgXkpRld3gyQ==}
    peerDependencies:
      '@deepseek-ai/cordis': ^4.0.1-rc.1
      '@deepseek-ai/dsh-invariants': ^0.0.1-rc.1

  '@deepseek-ai/dsh-invariants@0.0.1-rc.1':
    resolution: {integrity: sha512-ZoGCGColviu3Tkdnv9hMkgBE4eg0hAz5GXR/knqRf7mJUeBlTCya2dIckYlqekYmp5L+1AeWxf9j+Lv1YRcvXw==}
    peerDependencies:
      '@deepseek-ai/cordis': ^4.0.1-rc.1

  '@deepseek-ai/dsh-llm@0.0.1-rc.1':
    resolution: {integrity: sha512-mRJj07IQNfRReGrhpMpL8AONiYKqfwzxvepg/ut9Wkj8oH2BuoftPS4cMnnXFFCUlYql04/sezwDLriYks/bmw==}
    peerDependencies:
      '@deepseek-ai/cordis': ^4.0.1-rc.1
      '@deepseek-ai/dsh-attachment': ^0.0.1-rc.1
      '@deepseek-ai/dsh-brand': ^0.0.1-rc.1
      '@deepseek-ai/dsh-invariants': ^0.0.1-rc.1
      '@deepseek-ai/dsh-timeout': ^0.0.1-rc.1

  '@deepseek-ai/dsh-timeout@0.0.1-rc.1':
    resolution: {integrity: sha512-lIMhY/JqA+eLpXXUN33xA7mlAYeHTDTWfcJ3CmEtplvGnvpDAHQ6oPeFs9JtWcfKbuNDZFMNutyhD0qoRkFQeg==}
    peerDependencies:
      '@deepseek-ai/cordis': ^4.0.1-rc.1
      '@deepseek-ai/dsh-invariants': ^0.0.1-rc.1

  '@deepseek-ai/dsh-web@0.0.1-rc.1':
    resolution: {integrity: sha512-kbfr8aPtbsO9XOYqbdy39HwLPlVDH3GWjg9J2cJge5jgGPfN0lGlh5hcj4wvHxUEhGOZF+vieR/U8NmzeaeZMw==}
    peerDependencies:
      '@deepseek-ai/cordis': ^4.0.1-rc.1
      '@deepseek-ai/dsh-invariants': ^0.0.1-rc.1
      '@deepseek-ai/dsh-llm': ^0.0.1-rc.1

  '@deepseek-ai/schemastery@3.18.3':
    resolution: {integrity: sha512-plZIZADuGLT/3PoYmUaEDZd0vG1rVahU89MevnxXsyQhFEi2D6DUuTJel7FUb3cUM9aCzqGMN99sHJe1RIushA==}

  '@standard-schema/spec@1.1.0':
    resolution: {integrity: sha512-l2aFy5jALhniG5HgqrD6jXLi/rUWrKvqN/qJx6yoJsgKhblVd+iqqU4RCXavm/jPityDo5TCvKMnpjKnOriy0w==}

  '@types/node@24.13.6':
    resolution: {integrity: sha512-SGrw/h3KPFshy3OE6ZL53LMBG5vGQQ8/gIpiqz/kRZhPJ7HgwCEs8LBuNtWLa8dvGZVpSF7+Bf+c11HUrCb/yg==}

  typescript@5.9.3:
    resolution: {integrity: sha512-jl1vZzPDinLr9eUt3J/t7V6FgNEw9QjvBPdysz9KfQDD41fQrC2Y4vKQdiaUpFT4bXlb1RHhLpp8wtm6M5TgSw==}
    engines: {node: '>=14.17'}
    hasBin: true

  undici-types@7.18.2:
    resolution: {integrity: sha512-AsuCzffGHJybSaRrmr5eHr81mwJU3kjw6M+uprWvCXiNeN9SOGwQ3Jn8jb8m3Z6izVgknn1R0FTCEAP2QrLY/w==}

snapshots:

  '@deepseek-ai/cordis@4.0.3':
    dependencies:
      '@deepseek-ai/cosmokit': 1.8.4
      '@standard-schema/spec': 1.1.0

  '@deepseek-ai/cosmokit@1.8.4': {}

  '@deepseek-ai/dsh-attachment@0.0.1-rc.1(@deepseek-ai/cordis@4.0.3)(@deepseek-ai/dsh-brand@0.0.1-rc.1(@deepseek-ai/cordis@4.0.3)(@deepseek-ai/dsh-invariants@0.0.1-rc.1(@deepseek-ai/cordis@4.0.3)))(@deepseek-ai/dsh-invariants@0.0.1-rc.1(@deepseek-ai/cordis@4.0.3))':
    dependencies:
      '@deepseek-ai/cordis': 4.0.3
      '@deepseek-ai/dsh-brand': 0.0.1-rc.1(@deepseek-ai/cordis@4.0.3)(@deepseek-ai/dsh-invariants@0.0.1-rc.1(@deepseek-ai/cordis@4.0.3))
      '@deepseek-ai/dsh-invariants': 0.0.1-rc.1(@deepseek-ai/cordis@4.0.3)

  '@deepseek-ai/dsh-brand@0.0.1-rc.1(@deepseek-ai/cordis@4.0.3)(@deepseek-ai/dsh-invariants@0.0.1-rc.1(@deepseek-ai/cordis@4.0.3))':
    dependencies:
      '@deepseek-ai/cordis': 4.0.3
      '@deepseek-ai/dsh-invariants': 0.0.1-rc.1(@deepseek-ai/cordis@4.0.3)

  '@deepseek-ai/dsh-invariants@0.0.1-rc.1(@deepseek-ai/cordis@4.0.3)':
    dependencies:
      '@deepseek-ai/cordis': 4.0.3
      '@deepseek-ai/schemastery': 3.18.3

  '@deepseek-ai/dsh-llm@0.0.1-rc.1(@deepseek-ai/cordis@4.0.3)(@deepseek-ai/dsh-attachment@0.0.1-rc.1(@deepseek-ai/cordis@4.0.3)(@deepseek-ai/dsh-brand@0.0.1-rc.1(@deepseek-ai/cordis@4.0.3)(@deepseek-ai/dsh-invariants@0.0.1-rc.1(@deepseek-ai/cordis@4.0.3)))(@deepseek-ai/dsh-invariants@0.0.1-rc.1(@deepseek-ai/cordis@4.0.3)))(@deepseek-ai/dsh-brand@0.0.1-rc.1(@deepseek-ai/cordis@4.0.3)(@deepseek-ai/dsh-invariants@0.0.1-rc.1(@deepseek-ai/cordis@4.0.3)))(@deepseek-ai/dsh-invariants@0.0.1-rc.1(@deepseek-ai/cordis@4.0.3))(@deepseek-ai/dsh-timeout@0.0.1-rc.1(@deepseek-ai/cordis@4.0.3)(@deepseek-ai/dsh-invariants@0.0.1-rc.1(@deepseek-ai/cordis@4.0.3)))':
    dependencies:
      '@deepseek-ai/cordis': 4.0.3
      '@deepseek-ai/dsh-attachment': 0.0.1-rc.1(@deepseek-ai/cordis@4.0.3)(@deepseek-ai/dsh-brand@0.0.1-rc.1(@deepseek-ai/cordis@4.0.3)(@deepseek-ai/dsh-invariants@0.0.1-rc.1(@deepseek-ai/cordis@4.0.3)))(@deepseek-ai/dsh-invariants@0.0.1-rc.1(@deepseek-ai/cordis@4.0.3))
      '@deepseek-ai/dsh-brand': 0.0.1-rc.1(@deepseek-ai/cordis@4.0.3)(@deepseek-ai/dsh-invariants@0.0.1-rc.1(@deepseek-ai/cordis@4.0.3))
      '@deepseek-ai/dsh-invariants': 0.0.1-rc.1(@deepseek-ai/cordis@4.0.3)
      '@deepseek-ai/dsh-timeout': 0.0.1-rc.1(@deepseek-ai/cordis@4.0.3)(@deepseek-ai/dsh-invariants@0.0.1-rc.1(@deepseek-ai/cordis@4.0.3))
      '@deepseek-ai/schemastery': 3.18.3

  '@deepseek-ai/dsh-timeout@0.0.1-rc.1(@deepseek-ai/cordis@4.0.3)(@deepseek-ai/dsh-invariants@0.0.1-rc.1(@deepseek-ai/cordis@4.0.3))':
    dependencies:
      '@deepseek-ai/cordis': 4.0.3
      '@deepseek-ai/dsh-invariants': 0.0.1-rc.1(@deepseek-ai/cordis@4.0.3)

  '@deepseek-ai/dsh-web@0.0.1-rc.1(@deepseek-ai/cordis@4.0.3)(@deepseek-ai/dsh-invariants@0.0.1-rc.1(@deepseek-ai/cordis@4.0.3))(@deepseek-ai/dsh-llm@0.0.1-rc.1(@deepseek-ai/cordis@4.0.3)(@deepseek-ai/dsh-attachment@0.0.1-rc.1(@deepseek-ai/cordis@4.0.3)(@deepseek-ai/dsh-brand@0.0.1-rc.1(@deepseek-ai/cordis@4.0.3)(@deepseek-ai/dsh-invariants@0.0.1-rc.1(@deepseek-ai/cordis@4.0.3)))(@deepseek-ai/dsh-invariants@0.0.1-rc.1(@deepseek-ai/cordis@4.0.3)))(@deepseek-ai/dsh-brand@0.0.1-rc.1(@deepseek-ai/cordis@4.0.3)(@deepseek-ai/dsh-invariants@0.0.1-rc.1(@deepseek-ai/cordis@4.0.3)))(@deepseek-ai/dsh-invariants@0.0.1-rc.1(@deepseek-ai/cordis@4.0.3))(@deepseek-ai/dsh-timeout@0.0.1-rc.1(@deepseek-ai/cordis@4.0.3)(@deepseek-ai/dsh-invariants@0.0.1-rc.1(@deepseek-ai/cordis@4.0.3))))':
    dependencies:
      '@deepseek-ai/cordis': 4.0.3
      '@deepseek-ai/dsh-invariants': 0.0.1-rc.1(@deepseek-ai/cordis@4.0.3)
      '@deepseek-ai/dsh-llm': 0.0.1-rc.1(@deepseek-ai/cordis@4.0.3)(@deepseek-ai/dsh-attachment@0.0.1-rc.1(@deepseek-ai/cordis@4.0.3)(@deepseek-ai/dsh-brand@0.0.1-rc.1(@deepseek-ai/cordis@4.0.3)(@deepseek-ai/dsh-invariants@0.0.1-rc.1(@deepseek-ai/cordis@4.0.3)))(@deepseek-ai/dsh-invariants@0.0.1-rc.1(@deepseek-ai/cordis@4.0.3)))(@deepseek-ai/dsh-brand@0.0.1-rc.1(@deepseek-ai/cordis@4.0.3)(@deepseek-ai/dsh-invariants@0.0.1-rc.1(@deepseek-ai/cordis@4.0.3)))(@deepseek-ai/dsh-invariants@0.0.1-rc.1(@deepseek-ai/cordis@4.0.3))(@deepseek-ai/dsh-timeout@0.0.1-rc.1(@deepseek-ai/cordis@4.0.3)(@deepseek-ai/dsh-invariants@0.0.1-rc.1(@deepseek-ai/cordis@4.0.3)))
      '@deepseek-ai/schemastery': 3.18.3

  '@deepseek-ai/schemastery@3.18.3':
    dependencies:
      '@deepseek-ai/cosmokit': 1.8.4
      '@standard-schema/spec': 1.1.0

  '@standard-schema/spec@1.1.0': {}

  '@types/node@24.13.6':
    dependencies:
      undici-types: 7.18.2

  typescript@5.9.3: {}

  undici-types@7.18.2: {}
